
Microsoft Visual Studio Solution File, Format Version 12.00
# Visual Studio Version 17
VisualStudioVersion = 17.4.33110.190
MinimumVisualStudioVersion = 10.0.40219.1
Project("{FAE04EC0-301F-11D3-BF4B-00C04F79EFBC}") = "LOOPS", "LOOPS\LOOPS.csproj", "{702A9117-481C-4F55-A921-304B799DA75F}"
EndProject
Global
	GlobalSection(SolutionConfigurationPlatforms) = preSolution
		Debug|Any CPU = Debug|Any CPU
		Release|Any CPU = Release|Any CPU
	EndGlobalSection
	GlobalSection(ProjectConfigurationPlatforms) = postSolution
		{702A9117-481C-4F55-A921-304B799DA75F}.Debug|Any CPU.ActiveCfg = Debug|Any CPU
		{702A9117-481C-4F55-A921-304B799DA75F}.Debug|Any CPU.Build.0 = Debug|Any CPU
		{702A9117-481C-4F55-A921-304B799DA75F}.Release|Any CPU.ActiveCfg = Release|Any CPU
		{702A9117-481C-4F55-A921-304B799DA75F}.Release|Any CPU.Build.0 = Release|Any CPU
	EndGlobalSection
	GlobalSection(SolutionProperties) = preSolution
		HideSolutionNode = FALSE
	EndGlobalSection
	GlobalSection(ExtensibilityGlobals) = postSolution
		SolutionGuid = {DA5247A8-E6A5-4CEA-8DBF-792F575CC2B6}
	EndGlobalSection
EndGlobal
